
Microsoft Visual Studio Solution File, Format Version 12.00
# Visual Studio 2012
Project("{FAE04EC0-301F-11D3-BF4B-00C04F79EFBC}") = "TeamExplorer", "TeamExplorer\TeamExplorer.csproj", "{A1FA7F80-DDE3-42B1-9D5F-DFDB8418034E}"
EndProject
Project("{2150E333-8FDC-42A3-9474-1A3956D46DE8}") = ".nuget", ".nuget", "{6EAD4FE0-D813-44C5-A28E-84A081E86AFE}"
	ProjectSection(SolutionItems) = preProject
		.nuget\NuGet.Config = .nuget\NuGet.Config
		.nuget\NuGet.exe = .nuget\NuGet.exe
		.nuget\NuGet.targets = .nuget\NuGet.targets
	EndProjectSection
EndProject
Project("{2150E333-8FDC-42A3-9474-1A3956D46DE8}") = "Chrome", "Chrome", "{FD363878-97E9-4130-BE73-FA9A689B67D9}"
	ProjectSection(SolutionItems) = preProject
		manifest.json = manifest.json
	EndProjectSection
EndProject
Global
	GlobalSection(SolutionConfigurationPlatforms) = preSolution
		Debug|Any CPU = Debug|Any CPU
		Release|Any CPU = Release|Any CPU
	EndGlobalSection
	GlobalSection(ProjectConfigurationPlatforms) = postSolution
		{A1FA7F80-DDE3-42B1-9D5F-DFDB8418034E}.Debug|Any CPU.ActiveCfg = Debug|Any CPU
		{A1FA7F80-DDE3-42B1-9D5F-DFDB8418034E}.Debug|Any CPU.Build.0 = Debug|Any CPU
		{A1FA7F80-DDE3-42B1-9D5F-DFDB8418034E}.Release|Any CPU.ActiveCfg = Release|Any CPU
		{A1FA7F80-DDE3-42B1-9D5F-DFDB8418034E}.Release|Any CPU.Build.0 = Release|Any CPU
	EndGlobalSection
	GlobalSection(SolutionProperties) = preSolution
		HideSolutionNode = FALSE
	EndGlobalSection
EndGlobal
